
Microsoft Visual Studio Solution File, Format Version 12.00
# Visual Studio Version 17
VisualStudioVersion = 17.11.35327.3
MinimumVisualStudioVersion = 10.0.40219.1
Project("{9A19103F-16F7-4668-BE54-9A1E7A4F7556}") = "WMB.Api", "OmniStack\WMB.Api.csproj", "{298337B5-CA40-4ECF-A577-A20AD0FB80B7}"
EndProject
Project("{2150E333-8FDC-42A3-9474-1A3956D46DE8}") = "Docker", "Docker", "{1FC61823-8AAA-484B-8C46-62E52FC66BB8}"
	ProjectSection(SolutionItems) = preProject
		docker-compose.yml = docker-compose.yml
		Dockerfile = Dockerfile
	EndProjectSection
EndProject
Project("{2150E333-8FDC-42A3-9474-1A3956D46DE8}") = "k6-tests", "k6-tests", "{5F8AC7EC-FAF9-4F54-ADCA-3D47923375E5}"
	ProjectSection(SolutionItems) = preProject
		k6-tests\load-test.js = k6-tests\load-test.js
		k6-tests\performance-test.js = k6-tests\performance-test.js
		k6-tests\stress-test.js = k6-tests\stress-test.js
		k6-tests\test-api.js = k6-tests\test-api.js
	EndProjectSection
EndProject
Project("{2150E333-8FDC-42A3-9474-1A3956D46DE8}") = "Solution Items", "Solution Items", "{8FC186BC-EC49-4819-B55E-FB7F6D01B3AC}"
	ProjectSection(SolutionItems) = preProject
		.gitignore = .gitignore
	EndProjectSection
EndProject
Project("{2150E333-8FDC-42A3-9474-1A3956D46DE8}") = "Tests", "Tests", "{8FCF317E-C9F9-4A0B-A925-8F84E7BED228}"
EndProject
Project("{FAE04EC0-301F-11D3-BF4B-00C04F79EFBC}") = "WMB.Api.Unit.Tests", "WMB.Api.Tests\WMB.Api.Unit.Tests.csproj", "{A9E11350-2697-43DA-A211-D297D87410AD}"
EndProject
Project("{FAE04EC0-301F-11D3-BF4B-00C04F79EFBC}") = "WMB.Api.IntegrationTests", "WMB.Api.IntegrationTests\WMB.Api.IntegrationTests.csproj", "{C0C8FA11-15CC-400A-AF79-AADDCCDF0E33}"
EndProject
Global
	GlobalSection(SolutionConfigurationPlatforms) = preSolution
		Debug|Any CPU = Debug|Any CPU
		Release|Any CPU = Release|Any CPU
	EndGlobalSection
	GlobalSection(ProjectConfigurationPlatforms) = postSolution
		{298337B5-CA40-4ECF-A577-A20AD0FB80B7}.Debug|Any CPU.ActiveCfg = Debug|Any CPU
		{298337B5-CA40-4ECF-A577-A20AD0FB80B7}.Debug|Any CPU.Build.0 = Debug|Any CPU
		{298337B5-CA40-4ECF-A577-A20AD0FB80B7}.Release|Any CPU.ActiveCfg = Release|Any CPU
		{298337B5-CA40-4ECF-A577-A20AD0FB80B7}.Release|Any CPU.Build.0 = Release|Any CPU
		{A9E11350-2697-43DA-A211-D297D87410AD}.Debug|Any CPU.ActiveCfg = Debug|Any CPU
		{A9E11350-2697-43DA-A211-D297D87410AD}.Debug|Any CPU.Build.0 = Debug|Any CPU
		{A9E11350-2697-43DA-A211-D297D87410AD}.Release|Any CPU.ActiveCfg = Release|Any CPU
		{A9E11350-2697-43DA-A211-D297D87410AD}.Release|Any CPU.Build.0 = Release|Any CPU
		{C0C8FA11-15CC-400A-AF79-AADDCCDF0E33}.Debug|Any CPU.ActiveCfg = Debug|Any CPU
		{C0C8FA11-15CC-400A-AF79-AADDCCDF0E33}.Debug|Any CPU.Build.0 = Debug|Any CPU
		{C0C8FA11-15CC-400A-AF79-AADDCCDF0E33}.Release|Any CPU.ActiveCfg = Release|Any CPU
		{C0C8FA11-15CC-400A-AF79-AADDCCDF0E33}.Release|Any CPU.Build.0 = Release|Any CPU
	EndGlobalSection
	GlobalSection(SolutionProperties) = preSolution
		HideSolutionNode = FALSE
	EndGlobalSection
	GlobalSection(NestedProjects) = preSolution
		{A9E11350-2697-43DA-A211-D297D87410AD} = {8FCF317E-C9F9-4A0B-A925-8F84E7BED228}
		{C0C8FA11-15CC-400A-AF79-AADDCCDF0E33} = {8FCF317E-C9F9-4A0B-A925-8F84E7BED228}
	EndGlobalSection
	GlobalSection(ExtensibilityGlobals) = postSolution
		SolutionGuid = {90C85BDA-6B22-418E-8DE7-5AB81444F6D1}
	EndGlobalSection
EndGlobal
